
Microsoft Visual Studio Solution File, Format Version 12.00
# Visual Studio Version 16
VisualStudioVersion = 16.0.31402.337
MinimumVisualStudioVersion = 10.0.40219.1
Project("{2150E333-8FDC-42A3-9474-1A3956D46DE8}") = "Application", "Application", "{1DF8F788-5295-422B-B4D1-641EE3AE632B}"
EndProject
Project("{2150E333-8FDC-42A3-9474-1A3956D46DE8}") = "Domain", "Domain", "{B2CD7507-79C4-4083-A9D2-B8945F1E0F89}"
EndProject
Project("{2150E333-8FDC-42A3-9474-1A3956D46DE8}") = "Data", "Data", "{BDF4B219-8597-4DFA-91DE-D034A784953B}"
EndProject
Project("{2150E333-8FDC-42A3-9474-1A3956D46DE8}") = "Ioc", "Ioc", "{C0148F37-39AD-4F0A-BB02-266DE7FA76A8}"
EndProject
Project("{2150E333-8FDC-42A3-9474-1A3956D46DE8}") = "Presentation", "Presentation", "{7450E541-51E2-41FF-B713-B05014BC67A7}"
EndProject
Project("{9A19103F-16F7-4668-BE54-9A1E7A4F7556}") = "ASPCoreMVC", "ASPCoreMVC\ASPCoreMVC.csproj", "{D11BE4E1-58B9-4AD0-BC57-6B23B417A74A}"
EndProject
Project("{9A19103F-16F7-4668-BE54-9A1E7A4F7556}") = "Domain", "Domain\Domain.csproj", "{36A5130D-2909-4844-8D2F-B4999C882CDD}"
EndProject
Project("{9A19103F-16F7-4668-BE54-9A1E7A4F7556}") = "Data", "Data\Data.csproj", "{BE478397-15FA-4C67-810B-B3B620DF4D0E}"
EndProject
Project("{FAE04EC0-301F-11D3-BF4B-00C04F79EFBC}") = "Applications", "Application\Applications\Applications.csproj", "{7FEF6F42-C05D-4C91-8103-90CD5FA8DFF2}"
EndProject
Project("{FAE04EC0-301F-11D3-BF4B-00C04F79EFBC}") = "IoCLayer", "IoCLayer\IoCLayer.csproj", "{F648E745-771F-4A13-BA16-13F0616EE6EA}"
EndProject
Global
	GlobalSection(SolutionConfigurationPlatforms) = preSolution
		Debug|Any CPU = Debug|Any CPU
		Release|Any CPU = Release|Any CPU
	EndGlobalSection
	GlobalSection(ProjectConfigurationPlatforms) = postSolution
		{D11BE4E1-58B9-4AD0-BC57-6B23B417A74A}.Debug|Any CPU.ActiveCfg = Debug|Any CPU
		{D11BE4E1-58B9-4AD0-BC57-6B23B417A74A}.Debug|Any CPU.Build.0 = Debug|Any CPU
		{D11BE4E1-58B9-4AD0-BC57-6B23B417A74A}.Release|Any CPU.ActiveCfg = Release|Any CPU
		{D11BE4E1-58B9-4AD0-BC57-6B23B417A74A}.Release|Any CPU.Build.0 = Release|Any CPU
		{36A5130D-2909-4844-8D2F-B4999C882CDD}.Debug|Any CPU.ActiveCfg = Debug|Any CPU
		{36A5130D-2909-4844-8D2F-B4999C882CDD}.Debug|Any CPU.Build.0 = Debug|Any CPU
		{36A5130D-2909-4844-8D2F-B4999C882CDD}.Release|Any CPU.ActiveCfg = Release|Any CPU
		{36A5130D-2909-4844-8D2F-B4999C882CDD}.Release|Any CPU.Build.0 = Release|Any CPU
		{BE478397-15FA-4C67-810B-B3B620DF4D0E}.Debug|Any CPU.ActiveCfg = Debug|Any CPU
		{BE478397-15FA-4C67-810B-B3B620DF4D0E}.Debug|Any CPU.Build.0 = Debug|Any CPU
		{BE478397-15FA-4C67-810B-B3B620DF4D0E}.Release|Any CPU.ActiveCfg = Release|Any CPU
		{BE478397-15FA-4C67-810B-B3B620DF4D0E}.Release|Any CPU.Build.0 = Release|Any CPU
		{7FEF6F42-C05D-4C91-8103-90CD5FA8DFF2}.Debug|Any CPU.ActiveCfg = Debug|Any CPU
		{7FEF6F42-C05D-4C91-8103-90CD5FA8DFF2}.Debug|Any CPU.Build.0 = Debug|Any CPU
		{7FEF6F42-C05D-4C91-8103-90CD5FA8DFF2}.Release|Any CPU.ActiveCfg = Release|Any CPU
		{7FEF6F42-C05D-4C91-8103-90CD5FA8DFF2}.Release|Any CPU.Build.0 = Release|Any CPU
		{F648E745-771F-4A13-BA16-13F0616EE6EA}.Debug|Any CPU.ActiveCfg = Debug|Any CPU
		{F648E745-771F-4A13-BA16-13F0616EE6EA}.Debug|Any CPU.Build.0 = Debug|Any CPU
		{F648E745-771F-4A13-BA16-13F0616EE6EA}.Release|Any CPU.ActiveCfg = Release|Any CPU
		{F648E745-771F-4A13-BA16-13F0616EE6EA}.Release|Any CPU.Build.0 = Release|Any CPU
	EndGlobalSection
	GlobalSection(SolutionProperties) = preSolution
		HideSolutionNode = FALSE
	EndGlobalSection
	GlobalSection(NestedProjects) = preSolution
		{D11BE4E1-58B9-4AD0-BC57-6B23B417A74A} = {7450E541-51E2-41FF-B713-B05014BC67A7}
		{36A5130D-2909-4844-8D2F-B4999C882CDD} = {B2CD7507-79C4-4083-A9D2-B8945F1E0F89}
		{BE478397-15FA-4C67-810B-B3B620DF4D0E} = {BDF4B219-8597-4DFA-91DE-D034A784953B}
		{7FEF6F42-C05D-4C91-8103-90CD5FA8DFF2} = {1DF8F788-5295-422B-B4D1-641EE3AE632B}
		{F648E745-771F-4A13-BA16-13F0616EE6EA} = {C0148F37-39AD-4F0A-BB02-266DE7FA76A8}
	EndGlobalSection
	GlobalSection(ExtensibilityGlobals) = postSolution
		SolutionGuid = {48E043CD-AD84-46DE-84AD-AFCEC63D552A}
	EndGlobalSection
EndGlobal
